// !$*UTF8*$!
{
	archiveVersion = 1;
	classes = {
	};
	objectVersion = 55;
	objects = {

/* Begin PBXBuildFile section */
		B54DD8B42800D25E001D9F4A /* SwiftUIBootcampApp.swift in Sources */ = {isa = PBXBuildFile; fileRef = B54DD8B32800D25E001D9F4A /* SwiftUIBootcampApp.swift */; };
		B54DD8B62800D25E001D9F4A /* ContentView.swift in Sources */ = {isa = PBXBuildFile; fileRef = B54DD8B52800D25E001D9F4A /* ContentView.swift */; };
		B54DD8B82800D262001D9F4A /* Assets.xcassets in Resources */ = {isa = PBXBuildFile; fileRef = B54DD8B72800D262001D9F4A /* Assets.xcassets */; };
		B54DD8BB2800D262001D9F4A /* Preview Assets.xcassets in Resources */ = {isa = PBXBuildFile; fileRef = B54DD8BA2800D262001D9F4A /* Preview Assets.xcassets */; };
		B54DD8C22800E88A001D9F4A /* TextComponent.swift in Sources */ = {isa = PBXBuildFile; fileRef = B54DD8C12800E88A001D9F4A /* TextComponent.swift */; };
		B54DD8C42800E8BF001D9F4A /* ShapeComponent.swift in Sources */ = {isa = PBXBuildFile; fileRef = B54DD8C32800E8BF001D9F4A /* ShapeComponent.swift */; };
		B54DD8C62800EC06001D9F4A /* ColorAndGradient.swift in Sources */ = {isa = PBXBuildFile; fileRef = B54DD8C52800EC06001D9F4A /* ColorAndGradient.swift */; };
		B54DD8C82800F0EB001D9F4A /* IconAndImage.swift in Sources */ = {isa = PBXBuildFile; fileRef = B54DD8C72800F0EB001D9F4A /* IconAndImage.swift */; };
		B54DD8CA280139B8001D9F4A /* ActionsheetBootcamp.swift in Sources */ = {isa = PBXBuildFile; fileRef = B54DD8C9280139B8001D9F4A /* ActionsheetBootcamp.swift */; };
		B54DD8CC28013DD3001D9F4A /* AlertBootcamp.swift in Sources */ = {isa = PBXBuildFile; fileRef = B54DD8CB28013DD3001D9F4A /* AlertBootcamp.swift */; };
		B54DD8CE28013FEC001D9F4A /* AnimationBootcamp.swift in Sources */ = {isa = PBXBuildFile; fileRef = B54DD8CD28013FEC001D9F4A /* AnimationBootcamp.swift */; };
/* End PBXBuildFile section */

/* Begin PBXFileReference section */
		B54DD8B02800D25E001D9F4A /* SwiftUIBootcamp.app */ = {isa = PBXFileReference; explicitFileType = wrapper.application; includeInIndex = 0; path = SwiftUIBootcamp.app; sourceTree = BUILT_PRODUCTS_DIR; };
		B54DD8B32800D25E001D9F4A /* SwiftUIBootcampApp.swift */ = {isa = PBXFileReference; lastKnownFileType = sourcecode.swift; path = SwiftUIBootcampApp.swift; sourceTree = "<group>"; };
		B54DD8B52800D25E001D9F4A /* ContentView.swift */ = {isa = PBXFileReference; lastKnownFileType = sourcecode.swift; path = ContentView.swift; sourceTree = "<group>"; };
		B54DD8B72800D262001D9F4A /* Assets.xcassets */ = {isa = PBXFileReference; lastKnownFileType = folder.assetcatalog; path = Assets.xcassets; sourceTree = "<group>"; };
		B54DD8BA2800D262001D9F4A /* Preview Assets.xcassets */ = {isa = PBXFileReference; lastKnownFileType = folder.assetcatalog; path = "Preview Assets.xcassets"; sourceTree = "<group>"; };
		B54DD8C12800E88A001D9F4A /* TextComponent.swift */ = {isa = PBXFileReference; lastKnownFileType = sourcecode.swift; path = TextComponent.swift; sourceTree = "<group>"; };
		B54DD8C32800E8BF001D9F4A /* ShapeComponent.swift */ = {isa = PBXFileReference; lastKnownFileType = sourcecode.swift; path = ShapeComponent.swift; sourceTree = "<group>"; };
		B54DD8C52800EC06001D9F4A /* ColorAndGradient.swift */ = {isa = PBXFileReference; lastKnownFileType = sourcecode.swift; path = ColorAndGradient.swift; sourceTree = "<group>"; };
		B54DD8C72800F0EB001D9F4A /* IconAndImage.swift */ = {isa = PBXFileReference; lastKnownFileType = sourcecode.swift; path = IconAndImage.swift; sourceTree = "<group>"; };
		B54DD8C9280139B8001D9F4A /* ActionsheetBootcamp.swift */ = {isa = PBXFileReference; lastKnownFileType = sourcecode.swift; path = ActionsheetBootcamp.swift; sourceTree = "<group>"; };
		B54DD8CB28013DD3001D9F4A /* AlertBootcamp.swift */ = {isa = PBXFileReference; lastKnownFileType = sourcecode.swift; path = AlertBootcamp.swift; sourceTree = "<group>"; };
		B54DD8CD28013FEC001D9F4A /* AnimationBootcamp.swift */ = {isa = PBXFileReference; lastKnownFileType = sourcecode.swift; path = AnimationBootcamp.swift; sourceTree = "<group>"; };
/* End PBXFileReference section */

/* Begin PBXFrameworksBuildPhase section */
		B54DD8AD2800D25E001D9F4A /* Frameworks */ = {
			isa = PBXFrameworksBuildPhase;
			buildActionMask = 2147483647;
			files = (
			);
			runOnlyForDeploymentPostprocessing = 0;
		};
/* End PBXFrameworksBuildPhase section */

/* Begin PBXGroup section */
		B54DD8A72800D25E001D9F4A = {
			isa = PBXGroup;
			children = (
				B54DD8B22800D25E001D9F4A /* SwiftUIBootcamp */,
				B54DD8B12800D25E001D9F4A /* Products */,
			);
			sourceTree = "<group>";
		};
		B54DD8B12800D25E001D9F4A /* Products */ = {
			isa = PBXGroup;
			children = (
				B54DD8B02800D25E001D9F4A /* SwiftUIBootcamp.app */,
			);
			name = Products;
			sourceTree = "<group>";
		};
		B54DD8B22800D25E001D9F4A /* SwiftUIBootcamp */ = {
			isa = PBXGroup;
			children = (
				B54DD8B32800D25E001D9F4A /* SwiftUIBootcampApp.swift */,
				B54DD8B52800D25E001D9F4A /* ContentView.swift */,
				B54DD8C32800E8BF001D9F4A /* ShapeComponent.swift */,
				B54DD8C12800E88A001D9F4A /* TextComponent.swift */,
				B54DD8B72800D262001D9F4A /* Assets.xcassets */,
				B54DD8B92800D262001D9F4A /* Preview Content */,
				B54DD8C52800EC06001D9F4A /* ColorAndGradient.swift */,
				B54DD8C72800F0EB001D9F4A /* IconAndImage.swift */,
				B54DD8C9280139B8001D9F4A /* ActionsheetBootcamp.swift */,
				B54DD8CB28013DD3001D9F4A /* AlertBootcamp.swift */,
				B54DD8CD28013FEC001D9F4A /* AnimationBootcamp.swift */,
			);
			path = SwiftUIBootcamp;
			sourceTree = "<group>";
		};
		B54DD8B92800D262001D9F4A /* Preview Content */ = {
			isa = PBXGroup;
			children = (
				B54DD8BA2800D262001D9F4A /* Preview Assets.xcassets */,
			);
			path = "Preview Content";
			sourceTree = "<group>";
		};
/* End PBXGroup section */

/* Begin PBXNativeTarget section */
		B54DD8AF2800D25E001D9F4A /* SwiftUIBootcamp */ = {
			isa = PBXNativeTarget;
			buildConfigurationList = B54DD8BE2800D262001D9F4A /* Build configuration list for PBXNativeTarget "SwiftUIBootcamp" */;
			buildPhases = (
				B54DD8AC2800D25E001D9F4A /* Sources */,
				B54DD8AD2800D25E001D9F4A /* Frameworks */,
				B54DD8AE2800D25E001D9F4A /* Resources */,
			);
			buildRules = (
			);
			dependencies = (
			);
			name = SwiftUIBootcamp;
			productName = SwiftUIBootcamp;
			productReference = B54DD8B02800D25E001D9F4A /* SwiftUIBootcamp.app */;
			productType = "com.apple.product-type.application";
		};
/* End PBXNativeTarget section */

/* Begin PBXProject section */
		B54DD8A82800D25E001D9F4A /* Project object */ = {
			isa = PBXProject;
			attributes = {
				BuildIndependentTargetsInParallel = 1;
				LastSwiftUpdateCheck = 1330;
				LastUpgradeCheck = 1330;
				TargetAttributes = {
					B54DD8AF2800D25E001D9F4A = {
						CreatedOnToolsVersion = 13.3;
					};
				};
			};
			buildConfigurationList = B54DD8AB2800D25E001D9F4A /* Build configuration list for PBXProject "SwiftUIBootcamp" */;
			compatibilityVersion = "Xcode 13.0";
			developmentRegion = en;
			hasScannedForEncodings = 0;
			knownRegions = (
				en,
				Base,
			);
			mainGroup = B54DD8A72800D25E001D9F4A;
			productRefGroup = B54DD8B12800D25E001D9F4A /* Products */;
			projectDirPath = "";
			projectRoot = "";
			targets = (
				B54DD8AF2800D25E001D9F4A /* SwiftUIBootcamp */,
			);
		};
/* End PBXProject section */

/* Begin PBXResourcesBuildPhase section */
		B54DD8AE2800D25E001D9F4A /* Resources */ = {
			isa = PBXResourcesBuildPhase;
			buildActionMask = 2147483647;
			files = (
				B54DD8BB2800D262001D9F4A /* Preview Assets.xcassets in Resources */,
				B54DD8B82800D262001D9F4A /* Assets.xcassets in Resources */,
			);
			runOnlyForDeploymentPostprocessing = 0;
		};
/* End PBXResourcesBuildPhase section */

/* Begin PBXSourcesBuildPhase section */
		B54DD8AC2800D25E001D9F4A /* Sources */ = {
			isa = PBXSourcesBuildPhase;
			buildActionMask = 2147483647;
			files = (
				B54DD8C22800E88A001D9F4A /* TextComponent.swift in Sources */,
				B54DD8CA280139B8001D9F4A /* ActionsheetBootcamp.swift in Sources */,
				B54DD8CE28013FEC001D9F4A /* AnimationBootcamp.swift in Sources */,
				B54DD8B62800D25E001D9F4A /* ContentView.swift in Sources */,
				B54DD8CC28013DD3001D9F4A /* AlertBootcamp.swift in Sources */,
				B54DD8B42800D25E001D9F4A /* SwiftUIBootcampApp.swift in Sources */,
				B54DD8C62800EC06001D9F4A /* ColorAndGradient.swift in Sources */,
				B54DD8C82800F0EB001D9F4A /* IconAndImage.swift in Sources */,
				B54DD8C42800E8BF001D9F4A /* ShapeComponent.swift in Sources */,
			);
			runOnlyForDeploymentPostprocessing = 0;
		};
/* End PBXSourcesBuildPhase section */

/* Begin XCBuildConfiguration section */
		B54DD8BC2800D262001D9F4A /* Debug */ = {
			isa = XCBuildConfiguration;
			buildSettings = {
				ALWAYS_SEARCH_USER_PATHS = NO;
				CLANG_ANALYZER_NONNULL = YES;
				CLANG_ANALYZER_NUMBER_OBJECT_CONVERSION = YES_AGGRESSIVE;
				CLANG_CXX_LANGUAGE_STANDARD = "gnu++17";
				CLANG_ENABLE_MODULES = YES;
				CLANG_ENABLE_OBJC_ARC = YES;
				CLANG_ENABLE_OBJC_WEAK = YES;
				CLANG_WARN_BLOCK_CAPTURE_AUTORELEASING = YES;
				CLANG_WARN_BOOL_CONVERSION = YES;
				CLANG_WARN_COMMA = YES;
				CLANG_WARN_CONSTANT_CONVERSION = YES;
				CLANG_WARN_DEPRECATED_OBJC_IMPLEMENTATIONS = YES;
				CLANG_WARN_DIRECT_OBJC_ISA_USAGE = YES_ERROR;
				CLANG_WARN_DOCUMENTATION_COMMENTS = YES;
				CLANG_WARN_EMPTY_BODY = YES;
				CLANG_WARN_ENUM_CONVERSION = YES;
				CLANG_WARN_INFINITE_RECURSION = YES;
				CLANG_WARN_INT_CONVERSION = YES;
				CLANG_WARN_NON_LITERAL_NULL_CONVERSION = YES;
				CLANG_WARN_OBJC_IMPLICIT_RETAIN_SELF = YES;
				CLANG_WARN_OBJC_LITERAL_CONVERSION = YES;
				CLANG_WARN_OBJC_ROOT_CLASS = YES_ERROR;
				CLANG_WARN_QUOTED_INCLUDE_IN_FRAMEWORK_HEADER = YES;
				CLANG_WARN_RANGE_LOOP_ANALYSIS = YES;
				CLANG_WARN_STRICT_PROTOTYPES = YES;
				CLANG_WARN_SUSPICIOUS_MOVE = YES;
				CLANG_WARN_UNGUARDED_AVAILABILITY = YES_AGGRESSIVE;
				CLANG_WARN_UNREACHABLE_CODE = YES;
				CLANG_WARN__DUPLICATE_METHOD_MATCH = YES;
				COPY_PHASE_STRIP = NO;
				DEBUG_INFORMATION_FORMAT = dwarf;
				ENABLE_STRICT_OBJC_MSGSEND = YES;
				ENABLE_TESTABILITY = YES;
				GCC_C_LANGUAGE_STANDARD = gnu11;
				GCC_DYNAMIC_NO_PIC = NO;
				GCC_NO_COMMON_BLOCKS = YES;
				GCC_OPTIMIZATION_LEVEL = 0;
				GCC_PREPROCESSOR_DEFINITIONS = (
					"DEBUG=1",
					"$(inherited)",
				);
				GCC_WARN_64_TO_32_BIT_CONVERSION = YES;
				GCC_WARN_ABOUT_RETURN_TYPE = YES_ERROR;
				GCC_WARN_UNDECLARED_SELECTOR = YES;
				GCC_WARN_UNINITIALIZED_AUTOS = YES_AGGRESSIVE;
				GCC_WARN_UNUSED_FUNCTION = YES;
				GCC_WARN_UNUSED_VARIABLE = YES;
				IPHONEOS_DEPLOYMENT_TARGET = 15.4;
				MTL_ENABLE_DEBUG_INFO = INCLUDE_SOURCE;
				MTL_FAST_MATH = YES;
				ONLY_ACTIVE_ARCH = YES;
				SDKROOT = iphoneos;
				SWIFT_ACTIVE_COMPILATION_CONDITIONS = DEBUG;
				SWIFT_OPTIMIZATION_LEVEL = "-Onone";
			};
			name = Debug;
		};
		B54DD8BD2800D262001D9F4A /* Release */ = {
			isa = XCBuildConfiguration;
			buildSettings = {
				ALWAYS_SEARCH_USER_PATHS = NO;
				CLANG_ANALYZER_NONNULL = YES;
				CLANG_ANALYZER_NUMBER_OBJECT_CONVERSION = YES_AGGRESSIVE;
				CLANG_CXX_LANGUAGE_STANDARD = "gnu++17";
				CLANG_ENABLE_MODULES = YES;
				CLANG_ENABLE_OBJC_ARC = YES;
				CLANG_ENABLE_OBJC_WEAK = YES;
				CLANG_WARN_BLOCK_CAPTURE_AUTORELEASING = YES;
				CLANG_WARN_BOOL_CONVERSION = YES;
				CLANG_WARN_COMMA = YES;
				CLANG_WARN_CONSTANT_CONVERSION = YES;
				CLANG_WARN_DEPRECATED_OBJC_IMPLEMENTATIONS = YES;
				CLANG_WARN_DIRECT_OBJC_ISA_USAGE = YES_ERROR;
				CLANG_WARN_DOCUMENTATION_COMMENTS = YES;
				CLANG_WARN_EMPTY_BODY = YES;
				CLANG_WARN_ENUM_CONVERSION = YES;
				CLANG_WARN_INFINITE_RECURSION = YES;
				CLANG_WARN_INT_CONVERSION = YES;
				CLANG_WARN_NON_LITERAL_NULL_CONVERSION = YES;
				CLANG_WARN_OBJC_IMPLICIT_RETAIN_SELF = YES;
				CLANG_WARN_OBJC_LITERAL_CONVERSION = YES;
				CLANG_WARN_OBJC_ROOT_CLASS = YES_ERROR;
				CLANG_WARN_QUOTED_INCLUDE_IN_FRAMEWORK_HEADER = YES;
				CLANG_WARN_RANGE_LOOP_ANALYSIS = YES;
				CLANG_WARN_STRICT_PROTOTYPES = YES;
				CLANG_WARN_SUSPICIOUS_MOVE = YES;
				CLANG_WARN_UNGUARDED_AVAILABILITY = YES_AGGRESSIVE;
				CLANG_WARN_UNREACHABLE_CODE = YES;
				CLANG_WARN__DUPLICATE_METHOD_MATCH = YES;
				COPY_PHASE_STRIP = NO;
				DEBUG_INFORMATION_FORMAT = "dwarf-with-dsym";
				ENABLE_NS_ASSERTIONS = NO;
				ENABLE_STRICT_OBJC_MSGSEND = YES;
				GCC_C_LANGUAGE_STANDARD = gnu11;
				GCC_NO_COMMON_BLOCKS = YES;
				GCC_WARN_64_TO_32_BIT_CONVERSION = YES;
				GCC_WARN_ABOUT_RETURN_TYPE = YES_ERROR;
				GCC_WARN_UNDECLARED_SELECTOR = YES;
				GCC_WARN_UNINITIALIZED_AUTOS = YES_AGGRESSIVE;
				GCC_WARN_UNUSED_FUNCTION = YES;
				GCC_WARN_UNUSED_VARIABLE = YES;
				IPHONEOS_DEPLOYMENT_TARGET = 15.4;
				MTL_ENABLE_DEBUG_INFO = NO;
				MTL_FAST_MATH = YES;
				SDKROOT = iphoneos;
				SWIFT_COMPILATION_MODE = wholemodule;
				SWIFT_OPTIMIZATION_LEVEL = "-O";
				VALIDATE_PRODUCT = YES;
			};
			name = Release;
		};
		B54DD8BF2800D262001D9F4A /* Debug */ = {
			isa = XCBuildConfiguration;
			buildSettings = {
				ASSETCATALOG_COMPILER_APPICON_NAME = AppIcon;
				ASSETCATALOG_COMPILER_GLOBAL_ACCENT_COLOR_NAME = AccentColor;
				CODE_SIGN_STYLE = Automatic;
				CURRENT_PROJECT_VERSION = 1;
				DEVELOPMENT_ASSET_PATHS = "\"SwiftUIBootcamp/Preview Content\"";
				DEVELOPMENT_TEAM = 84W8QG5399;
				ENABLE_PREVIEWS = YES;
				GENERATE_INFOPLIST_FILE = YES;
				INFOPLIST_KEY_UIApplicationSceneManifest_Generation = YES;
				INFOPLIST_KEY_UIApplicationSupportsIndirectInputEvents = YES;
				INFOPLIST_KEY_UILaunchScreen_Generation = YES;
				INFOPLIST_KEY_UISupportedInterfaceOrientations_iPad = "UIInterfaceOrientationPortrait UIInterfaceOrientationPortraitUpsideDown UIInterfaceOrientationLandscapeLeft UIInterfaceOrientationLandscapeRight";
				INFOPLIST_KEY_UISupportedInterfaceOrientations_iPhone = "UIInterfaceOrientationPortrait UIInterfaceOrientationLandscapeLeft UIInterfaceOrientationLandscapeRight";
				LD_RUNPATH_SEARCH_PATHS = (
					"$(inherited)",
					"@executable_path/Frameworks",
				);
				MARKETING_VERSION = 1.0;
				PRODUCT_BUNDLE_IDENTIFIER = com.createsapp.SwiftUIBootcamp;
				PRODUCT_NAME = "$(TARGET_NAME)";
				SWIFT_EMIT_LOC_STRINGS = YES;
				SWIFT_VERSION = 5.0;
				TARGETED_DEVICE_FAMILY = "1,2";
			};
			name = Debug;
		};
		B54DD8C02800D262001D9F4A /* Release */ = {
			isa = XCBuildConfiguration;
			buildSettings = {
				ASSETCATALOG_COMPILER_APPICON_NAME = AppIcon;
				ASSETCATALOG_COMPILER_GLOBAL_ACCENT_COLOR_NAME = AccentColor;
				CODE_SIGN_STYLE = Automatic;
				CURRENT_PROJECT_VERSION = 1;
				DEVELOPMENT_ASSET_PATHS = "\"SwiftUIBootcamp/Preview Content\"";
				DEVELOPMENT_TEAM = 84W8QG5399;
				ENABLE_PREVIEWS = YES;
				GENERATE_INFOPLIST_FILE = YES;
				INFOPLIST_KEY_UIApplicationSceneManifest_Generation = YES;
				INFOPLIST_KEY_UIApplicationSupportsIndirectInputEvents = YES;
				INFOPLIST_KEY_UILaunchScreen_Generation = YES;
				INFOPLIST_KEY_UISupportedInterfaceOrientations_iPad = "UIInterfaceOrientationPortrait UIInterfaceOrientationPortraitUpsideDown UIInterfaceOrientationLandscapeLeft UIInterfaceOrientationLandscapeRight";
				INFOPLIST_KEY_UISupportedInterfaceOrientations_iPhone = "UIInterfaceOrientationPortrait UIInterfaceOrientationLandscapeLeft UIInterfaceOrientationLandscapeRight";
				LD_RUNPATH_SEARCH_PATHS = (
					"$(inherited)",
					"@executable_path/Frameworks",
				);
				MARKETING_VERSION = 1.0;
				PRODUCT_BUNDLE_IDENTIFIER = com.createsapp.SwiftUIBootcamp;
				PRODUCT_NAME = "$(TARGET_NAME)";
				SWIFT_EMIT_LOC_STRINGS = YES;
				SWIFT_VERSION = 5.0;
				TARGETED_DEVICE_FAMILY = "1,2";
			};
			name = Release;
		};
/* End XCBuildConfiguration section */

/* Begin XCConfigurationList section */
		B54DD8AB2800D25E001D9F4A /* Build configuration list for PBXProject "SwiftUIBootcamp" */ = {
			isa = XCConfigurationList;
			buildConfigurations = (
				B54DD8BC2800D262001D9F4A /* Debug */,
				B54DD8BD2800D262001D9F4A /* Release */,
			);
			defaultConfigurationIsVisible = 0;
			defaultConfigurationName = Release;
		};
		B54DD8BE2800D262001D9F4A /* Build configuration list for PBXNativeTarget "SwiftUIBootcamp" */ = {
			isa = XCConfigurationList;
			buildConfigurations = (
				B54DD8BF2800D262001D9F4A /* Debug */,
				B54DD8C02800D262001D9F4A /* Release */,
			);
			defaultConfigurationIsVisible = 0;
			defaultConfigurationName = Release;
		};
/* End XCConfigurationList section */
	};
	rootObject = B54DD8A82800D25E001D9F4A /* Project object */;
}
